
Microsoft Visual Studio Solution File, Format Version 12.00
# Visual Studio 15
VisualStudioVersion = 15.0.28307.329
MinimumVisualStudioVersion = 10.0.40219.1
Project("{FAE04EC0-301F-11D3-BF4B-00C04F79EFBC}") = "CoffeeShop", "CoffeeShop\CoffeeShop.csproj", "{AD135163-F44D-4AC8-9745-731D22E6B429}"
EndProject
Global
	GlobalSection(SolutionConfigurationPlatforms) = preSolution
		Debug|Any CPU = Debug|Any CPU
		Release|Any CPU = Release|Any CPU
	EndGlobalSection
	GlobalSection(ProjectConfigurationPlatforms) = postSolution
		{AD135163-F44D-4AC8-9745-731D22E6B429}.Debug|Any CPU.ActiveCfg = Debug|Any CPU
		{AD135163-F44D-4AC8-9745-731D22E6B429}.Debug|Any CPU.Build.0 = Debug|Any CPU
		{AD135163-F44D-4AC8-9745-731D22E6B429}.Release|Any CPU.ActiveCfg = Release|Any CPU
		{AD135163-F44D-4AC8-9745-731D22E6B429}.Release|Any CPU.Build.0 = Release|Any CPU
	EndGlobalSection
	GlobalSection(SolutionProperties) = preSolution
		HideSolutionNode = FALSE
	EndGlobalSection
	GlobalSection(ExtensibilityGlobals) = postSolution
		SolutionGuid = {56F7CB5D-C617-4528-BDDA-83AA3D50F797}
	EndGlobalSection
EndGlobal
